
Microsoft Visual Studio Solution File, Format Version 12.00
# Visual Studio Version 17
VisualStudioVersion = 17.9.34607.119
MinimumVisualStudioVersion = 10.0.40219.1
Project("{FAE04EC0-301F-11D3-BF4B-00C04F79EFBC}") = "CustomUser_EX2", "CustomUser_EX2\CustomUser_EX2.csproj", "{228571D0-BCA8-432E-BC70-C68FDAA801A1}"
EndProject
Global
	GlobalSection(SolutionConfigurationPlatforms) = preSolution
		Debug|Any CPU = Debug|Any CPU
		Release|Any CPU = Release|Any CPU
	EndGlobalSection
	GlobalSection(ProjectConfigurationPlatforms) = postSolution
		{228571D0-BCA8-432E-BC70-C68FDAA801A1}.Debug|Any CPU.ActiveCfg = Debug|Any CPU
		{228571D0-BCA8-432E-BC70-C68FDAA801A1}.Debug|Any CPU.Build.0 = Debug|Any CPU
		{228571D0-BCA8-432E-BC70-C68FDAA801A1}.Release|Any CPU.ActiveCfg = Release|Any CPU
		{228571D0-BCA8-432E-BC70-C68FDAA801A1}.Release|Any CPU.Build.0 = Release|Any CPU
	EndGlobalSection
	GlobalSection(SolutionProperties) = preSolution
		HideSolutionNode = FALSE
	EndGlobalSection
	GlobalSection(ExtensibilityGlobals) = postSolution
		SolutionGuid = {EAF7FF0B-058E-4BAB-9366-BAC72DFCE122}
	EndGlobalSection
EndGlobal
